<?xml version="1.0" encoding="utf-8"?>
<Project ToolsVersion="4.0" xmlns="http://schemas.microsoft.com/developer/msbuild/2003">
  <ItemGroup>
    <Filter Include="소스 파일">
      <UniqueIdentifier>{4FC737F1-C7A5-4376-A066-2A32D752A2FF}</UniqueIdentifier>
      <Extensions>cpp;c;cc;cxx;def;odl;idl;hpj;bat;asm;asmx</Extensions>
    </Filter>
    <Filter Include="헤더 파일">
      <UniqueIdentifier>{93995380-89BD-4b04-88EB-625FBE52EBFB}</UniqueIdentifier>
      <Extensions>h;hh;hpp;hxx;hm;inl;inc;xsd</Extensions>
    </Filter>
    <Filter Include="리소스 파일">
      <UniqueIdentifier>{67DA6AB6-F800-4c08-8B7A-83BB121AAD01}</UniqueIdentifier>
      <Extensions>rc;ico;cur;bmp;dlg;rc2;rct;bin;rgs;gif;jpg;jpeg;jpe;resx;tiff;tif;png;wav;mfcribbon-ms</Extensions>
    </Filter>
    <Filter Include="소스 파일\include">
      <UniqueIdentifier>{0e2ed5c2-d00a-45d3-b645-810d0e0783d3}</UniqueIdentifier>
    </Filter>
    <Filter Include="소스 파일\include\fitz">
      <UniqueIdentifier>{ab4da1fd-e1d7-4eb0-874a-65d0ed8fa1fe}</UniqueIdentifier>
    </Filter>
    <Filter Include="소스 파일\include\pdf">
      <UniqueIdentifier>{cf0946ab-c8de-42b5-ae86-f674e645b2db}</UniqueIdentifier>
    </Filter>
  </ItemGroup>
  <ItemGroup>
    <ClCompile Include="main.cpp">
      <Filter>소스 파일</Filter>
    </ClCompile>
  </ItemGroup>
  <ItemGroup>
    <ClInclude Include="main.h">
      <Filter>헤더 파일</Filter>
    </ClInclude>
    <ClInclude Include="mupdf\fitz\annotation.h">
      <Filter>소스 파일\include\fitz</Filter>
    </ClInclude>
    <ClInclude Include="mupdf\fitz\archive.h">
      <Filter>소스 파일\include\fitz</Filter>
    </ClInclude>
    <ClInclude Include="mupdf\fitz\band-writer.h">
      <Filter>소스 파일\include\fitz</Filter>
    </ClInclude>
    <ClInclude Include="mupdf\fitz\bidi.h">
      <Filter>소스 파일\include\fitz</Filter>
    </ClInclude>
    <ClInclude Include="mupdf\fitz\bitmap.h">
      <Filter>소스 파일\include\fitz</Filter>
    </ClInclude>
    <ClInclude Include="mupdf\fitz\buffer.h">
      <Filter>소스 파일\include\fitz</Filter>
    </ClInclude>
    <ClInclude Include="mupdf\fitz\colorspace.h">
      <Filter>소스 파일\include\fitz</Filter>
    </ClInclude>
    <ClInclude Include="mupdf\fitz\compressed-buffer.h">
      <Filter>소스 파일\include\fitz</Filter>
    </ClInclude>
    <ClInclude Include="mupdf\fitz\config.h">
      <Filter>소스 파일\include\fitz</Filter>
    </ClInclude>
    <ClInclude Include="mupdf\fitz\context.h">
      <Filter>소스 파일\include\fitz</Filter>
    </ClInclude>
    <ClInclude Include="mupdf\fitz\crypt.h">
      <Filter>소스 파일\include\fitz</Filter>
    </ClInclude>
    <ClInclude Include="mupdf\fitz\device.h">
      <Filter>소스 파일\include\fitz</Filter>
    </ClInclude>
    <ClInclude Include="mupdf\fitz\display-list.h">
      <Filter>소스 파일\include\fitz</Filter>
    </ClInclude>
    <ClInclude Include="mupdf\fitz\document.h">
      <Filter>소스 파일\include\fitz</Filter>
    </ClInclude>
    <ClInclude Include="mupdf\fitz\filter.h">
      <Filter>소스 파일\include\fitz</Filter>
    </ClInclude>
    <ClInclude Include="mupdf\fitz\font.h">
      <Filter>소스 파일\include\fitz</Filter>
    </ClInclude>
    <ClInclude Include="mupdf\fitz\function.h">
      <Filter>소스 파일\include\fitz</Filter>
    </ClInclude>
    <ClInclude Include="mupdf\fitz\geometry.h">
      <Filter>소스 파일\include\fitz</Filter>
    </ClInclude>
    <ClInclude Include="mupdf\fitz\getopt.h">
      <Filter>소스 파일\include\fitz</Filter>
    </ClInclude>
    <ClInclude Include="mupdf\fitz\glyph.h">
      <Filter>소스 파일\include\fitz</Filter>
    </ClInclude>
    <ClInclude Include="mupdf\fitz\glyph-cache.h">
      <Filter>소스 파일\include\fitz</Filter>
    </ClInclude>
    <ClInclude Include="mupdf\fitz\hash.h">
      <Filter>소스 파일\include\fitz</Filter>
    </ClInclude>
    <ClInclude Include="mupdf\fitz\image.h">
      <Filter>소스 파일\include\fitz</Filter>
    </ClInclude>
    <ClInclude Include="mupdf\fitz\link.h">
      <Filter>소스 파일\include\fitz</Filter>
    </ClInclude>
    <ClInclude Include="mupdf\fitz\outline.h">
      <Filter>소스 파일\include\fitz</Filter>
    </ClInclude>
    <ClInclude Include="mupdf\fitz\output.h">
      <Filter>소스 파일\include\fitz</Filter>
    </ClInclude>
    <ClInclude Include="mupdf\fitz\output-pcl.h">
      <Filter>소스 파일\include\fitz</Filter>
    </ClInclude>
    <ClInclude Include="mupdf\fitz\output-png.h">
      <Filter>소스 파일\include\fitz</Filter>
    </ClInclude>
    <ClInclude Include="mupdf\fitz\output-pnm.h">
      <Filter>소스 파일\include\fitz</Filter>
    </ClInclude>
    <ClInclude Include="mupdf\fitz\output-ps.h">
      <Filter>소스 파일\include\fitz</Filter>
    </ClInclude>
    <ClInclude Include="mupdf\fitz\output-pwg.h">
      <Filter>소스 파일\include\fitz</Filter>
    </ClInclude>
    <ClInclude Include="mupdf\fitz\output-svg.h">
      <Filter>소스 파일\include\fitz</Filter>
    </ClInclude>
    <ClInclude Include="mupdf\fitz\output-tga.h">
      <Filter>소스 파일\include\fitz</Filter>
    </ClInclude>
    <ClInclude Include="mupdf\fitz\path.h">
      <Filter>소스 파일\include\fitz</Filter>
    </ClInclude>
    <ClInclude Include="mupdf\fitz\pixmap.h">
      <Filter>소스 파일\include\fitz</Filter>
    </ClInclude>
    <ClInclude Include="mupdf\fitz\pool.h">
      <Filter>소스 파일\include\fitz</Filter>
    </ClInclude>
    <ClInclude Include="mupdf\fitz\separation.h">
      <Filter>소스 파일\include\fitz</Filter>
    </ClInclude>
    <ClInclude Include="mupdf\fitz\shade.h">
      <Filter>소스 파일\include\fitz</Filter>
    </ClInclude>
    <ClInclude Include="mupdf\fitz\store.h">
      <Filter>소스 파일\include\fitz</Filter>
    </ClInclude>
    <ClInclude Include="mupdf\fitz\stream.h">
      <Filter>소스 파일\include\fitz</Filter>
    </ClInclude>
    <ClInclude Include="mupdf\fitz\string-util.h">
      <Filter>소스 파일\include\fitz</Filter>
    </ClInclude>
    <ClInclude Include="mupdf\fitz\structured-text.h">
      <Filter>소스 파일\include\fitz</Filter>
    </ClInclude>
    <ClInclude Include="mupdf\fitz\system.h">
      <Filter>소스 파일\include\fitz</Filter>
    </ClInclude>
    <ClInclude Include="mupdf\fitz\text.h">
      <Filter>소스 파일\include\fitz</Filter>
    </ClInclude>
    <ClInclude Include="mupdf\fitz\track-usage.h">
      <Filter>소스 파일\include\fitz</Filter>
    </ClInclude>
    <ClInclude Include="mupdf\fitz\transition.h">
      <Filter>소스 파일\include\fitz</Filter>
    </ClInclude>
    <ClInclude Include="mupdf\fitz\tree.h">
      <Filter>소스 파일\include\fitz</Filter>
    </ClInclude>
    <ClInclude Include="mupdf\fitz\ucdn.h">
      <Filter>소스 파일\include\fitz</Filter>
    </ClInclude>
    <ClInclude Include="mupdf\fitz\util.h">
      <Filter>소스 파일\include\fitz</Filter>
    </ClInclude>
    <ClInclude Include="mupdf\fitz\version.h">
      <Filter>소스 파일\include\fitz</Filter>
    </ClInclude>
    <ClInclude Include="mupdf\fitz\writer.h">
      <Filter>소스 파일\include\fitz</Filter>
    </ClInclude>
    <ClInclude Include="mupdf\fitz\xml.h">
      <Filter>소스 파일\include\fitz</Filter>
    </ClInclude>
    <ClInclude Include="mupdf\fitz.h">
      <Filter>소스 파일\include</Filter>
    </ClInclude>
    <ClInclude Include="mupdf\html.h">
      <Filter>소스 파일\include</Filter>
    </ClInclude>
    <ClInclude Include="mupdf\memento.h">
      <Filter>소스 파일\include</Filter>
    </ClInclude>
    <ClInclude Include="mupdf\pdf.h">
      <Filter>소스 파일\include</Filter>
    </ClInclude>
    <ClInclude Include="mupdf\pdf-tools.h">
      <Filter>소스 파일\include</Filter>
    </ClInclude>
    <ClInclude Include="mupdf\svg.h">
      <Filter>소스 파일\include</Filter>
    </ClInclude>
    <ClInclude Include="mupdf\pdf\annot.h">
      <Filter>소스 파일\include\pdf</Filter>
    </ClInclude>
    <ClInclude Include="mupdf\pdf\appearance.h">
      <Filter>소스 파일\include\pdf</Filter>
    </ClInclude>
    <ClInclude Include="mupdf\pdf\clean.h">
      <Filter>소스 파일\include\pdf</Filter>
    </ClInclude>
    <ClInclude Include="mupdf\pdf\cmap.h">
      <Filter>소스 파일\include\pdf</Filter>
    </ClInclude>
    <ClInclude Include="mupdf\pdf\crypt.h">
      <Filter>소스 파일\include\pdf</Filter>
    </ClInclude>
    <ClInclude Include="mupdf\pdf\document.h">
      <Filter>소스 파일\include\pdf</Filter>
    </ClInclude>
    <ClInclude Include="mupdf\pdf\event.h">
      <Filter>소스 파일\include\pdf</Filter>
    </ClInclude>
    <ClInclude Include="mupdf\pdf\field.h">
      <Filter>소스 파일\include\pdf</Filter>
    </ClInclude>
    <ClInclude Include="mupdf\pdf\font.h">
      <Filter>소스 파일\include\pdf</Filter>
    </ClInclude>
    <ClInclude Include="mupdf\pdf\interpret.h">
      <Filter>소스 파일\include\pdf</Filter>
    </ClInclude>
    <ClInclude Include="mupdf\pdf\javascript.h">
      <Filter>소스 파일\include\pdf</Filter>
    </ClInclude>
    <ClInclude Include="mupdf\pdf\name-table.h">
      <Filter>소스 파일\include\pdf</Filter>
    </ClInclude>
    <ClInclude Include="mupdf\pdf\object.h">
      <Filter>소스 파일\include\pdf</Filter>
    </ClInclude>
    <ClInclude Include="mupdf\pdf\output-pdf.h">
      <Filter>소스 파일\include\pdf</Filter>
    </ClInclude>
    <ClInclude Include="mupdf\pdf\page.h">
      <Filter>소스 파일\include\pdf</Filter>
    </ClInclude>
    <ClInclude Include="mupdf\pdf\parse.h">
      <Filter>소스 파일\include\pdf</Filter>
    </ClInclude>
    <ClInclude Include="mupdf\pdf\resource.h">
      <Filter>소스 파일\include\pdf</Filter>
    </ClInclude>
    <ClInclude Include="mupdf\pdf\widget.h">
      <Filter>소스 파일\include\pdf</Filter>
    </ClInclude>
    <ClInclude Include="mupdf\pdf\xref.h">
      <Filter>소스 파일\include\pdf</Filter>
    </ClInclude>
  </ItemGroup>
</Project>